
Microsoft Visual Studio Solution File, Format Version 12.00
# Visual Studio Version 16
VisualStudioVersion = 16.0.31019.35
MinimumVisualStudioVersion = 10.0.40219.1
Project("{FAE04EC0-301F-11D3-BF4B-00C04F79EFBC}") = "MyLib", "MyLib\MyLib.csproj", "{2414C532-AE29-48AD-83C1-BC5B6FAEE06F}"
EndProject
Project("{FAE04EC0-301F-11D3-BF4B-00C04F79EFBC}") = "ConsoleMySin", "ConsoleMySin\ConsoleMySin.csproj", "{61125A6E-DB83-408E-A46B-04ED221F8EFB}"
EndProject
Global
	GlobalSection(SolutionConfigurationPlatforms) = preSolution
		Debug|Any CPU = Debug|Any CPU
		Release|Any CPU = Release|Any CPU
	EndGlobalSection
	GlobalSection(ProjectConfigurationPlatforms) = postSolution
		{2414C532-AE29-48AD-83C1-BC5B6FAEE06F}.Debug|Any CPU.ActiveCfg = Debug|Any CPU
		{2414C532-AE29-48AD-83C1-BC5B6FAEE06F}.Debug|Any CPU.Build.0 = Debug|Any CPU
		{2414C532-AE29-48AD-83C1-BC5B6FAEE06F}.Release|Any CPU.ActiveCfg = Release|Any CPU
		{2414C532-AE29-48AD-83C1-BC5B6FAEE06F}.Release|Any CPU.Build.0 = Release|Any CPU
		{61125A6E-DB83-408E-A46B-04ED221F8EFB}.Debug|Any CPU.ActiveCfg = Debug|Any CPU
		{61125A6E-DB83-408E-A46B-04ED221F8EFB}.Debug|Any CPU.Build.0 = Debug|Any CPU
		{61125A6E-DB83-408E-A46B-04ED221F8EFB}.Release|Any CPU.ActiveCfg = Release|Any CPU
		{61125A6E-DB83-408E-A46B-04ED221F8EFB}.Release|Any CPU.Build.0 = Release|Any CPU
	EndGlobalSection
	GlobalSection(SolutionProperties) = preSolution
		HideSolutionNode = FALSE
	EndGlobalSection
	GlobalSection(ExtensibilityGlobals) = postSolution
		SolutionGuid = {5B67891E-95ED-4FBD-A2F6-C3E4D90195CC}
	EndGlobalSection
EndGlobal
